
Microsoft Visual Studio Solution File, Format Version 12.00
# Visual Studio Version 17
VisualStudioVersion = 17.3.32929.385
MinimumVisualStudioVersion = 10.0.40219.1
Project("{FAE04EC0-301F-11D3-BF4B-00C04F79EFBC}") = "ConsoleApp1", "ConsoleApp1\ConsoleApp1.csproj", "{79EB05E9-A550-4D48-9097-7203B7BCC87C}"
EndProject
Global
	GlobalSection(SolutionConfigurationPlatforms) = preSolution
		Debug|Any CPU = Debug|Any CPU
		Release|Any CPU = Release|Any CPU
	EndGlobalSection
	GlobalSection(ProjectConfigurationPlatforms) = postSolution
		{79EB05E9-A550-4D48-9097-7203B7BCC87C}.Debug|Any CPU.ActiveCfg = Debug|Any CPU
		{79EB05E9-A550-4D48-9097-7203B7BCC87C}.Debug|Any CPU.Build.0 = Debug|Any CPU
		{79EB05E9-A550-4D48-9097-7203B7BCC87C}.Release|Any CPU.ActiveCfg = Release|Any CPU
		{79EB05E9-A550-4D48-9097-7203B7BCC87C}.Release|Any CPU.Build.0 = Release|Any CPU
	EndGlobalSection
	GlobalSection(SolutionProperties) = preSolution
		HideSolutionNode = FALSE
	EndGlobalSection
	GlobalSection(ExtensibilityGlobals) = postSolution
		SolutionGuid = {5B383A52-A82E-4395-AE1A-783C2B14D4F8}
	EndGlobalSection
EndGlobal
